
Microsoft Visual Studio Solution File, Format Version 12.00
# Visual Studio 2012
Project("{8BC9CEB8-8B4A-11D0-8D11-00A0C91BC942}") = "C_xiaojian", "C_xiaojian\C_xiaojian.vcxproj", "{B90F4190-39E5-48BE-8141-6A65FB607E70}"
EndProject
Global
	GlobalSection(SolutionConfigurationPlatforms) = preSolution
		Debug|Win32 = Debug|Win32
		Release|Win32 = Release|Win32
	EndGlobalSection
	GlobalSection(ProjectConfigurationPlatforms) = postSolution
		{B90F4190-39E5-48BE-8141-6A65FB607E70}.Debug|Win32.ActiveCfg = Debug|Win32
		{B90F4190-39E5-48BE-8141-6A65FB607E70}.Debug|Win32.Build.0 = Debug|Win32
		{B90F4190-39E5-48BE-8141-6A65FB607E70}.Release|Win32.ActiveCfg = Release|Win32
		{B90F4190-39E5-48BE-8141-6A65FB607E70}.Release|Win32.Build.0 = Release|Win32
	EndGlobalSection
	GlobalSection(SolutionProperties) = preSolution
		HideSolutionNode = FALSE
	EndGlobalSection
EndGlobal
